
Microsoft Visual Studio Solution File, Format Version 12.00
# Visual Studio Version 16
VisualStudioVersion = 16.0.29613.14
MinimumVisualStudioVersion = 10.0.40219.1
Project("{9A19103F-16F7-4668-BE54-9A1E7A4F7556}") = "BookIT.WebAPI", "BookIT.WebAPI\BookIT.WebAPI.csproj", "{E12F4CEC-C33C-4BA6-A391-D35EDB36DCC8}"
EndProject
Project("{9A19103F-16F7-4668-BE54-9A1E7A4F7556}") = "BookIT.Model", "BookIT.Model\BookIT.Model.csproj", "{D49D8172-49F4-4246-AAFF-8C579E56F45C}"
EndProject
Project("{2150E333-8FDC-42A3-9474-1A3956D46DE8}") = "UI", "UI", "{011C3589-5650-418D-86DC-62413FB6904E}"
EndProject
Project("{FAE04EC0-301F-11D3-BF4B-00C04F79EFBC}") = "BookIT.WinUI", "BookIT.WinUI\BookIT.WinUI.csproj", "{D6700525-BF7E-4A9B-9342-8B92F977C68E}"
EndProject
Project("{2150E333-8FDC-42A3-9474-1A3956D46DE8}") = "Mobile", "Mobile", "{077E2BD8-DCE7-47CA-9E58-DE5AED1D5907}"
EndProject
Project("{FAE04EC0-301F-11D3-BF4B-00C04F79EFBC}") = "BookIT.Mobile.Android", "BookIT.Mobile\BookIT.Mobile.Android\BookIT.Mobile.Android.csproj", "{24CE3C36-16B9-426D-AA0C-5961ECF8D88C}"
EndProject
Project("{FAE04EC0-301F-11D3-BF4B-00C04F79EFBC}") = "BookIT.Mobile.iOS", "BookIT.Mobile\BookIT.Mobile.iOS\BookIT.Mobile.iOS.csproj", "{A209FD3B-8B9A-4BA2-8CF7-5136FFD4F694}"
EndProject
Project("{FAE04EC0-301F-11D3-BF4B-00C04F79EFBC}") = "BookIT.Mobile.UWP", "BookIT.Mobile\BookIT.Mobile.UWP\BookIT.Mobile.UWP.csproj", "{891DFDEF-5FD2-4268-AB1B-7F000201CE3E}"
EndProject
Project("{9A19103F-16F7-4668-BE54-9A1E7A4F7556}") = "BookIT.Mobile", "BookIT.Mobile\BookIT.Mobile\BookIT.Mobile.csproj", "{0C14C886-E990-4233-A6F7-27247D0DE551}"
EndProject
Global
	GlobalSection(SolutionConfigurationPlatforms) = preSolution
		Debug|Any CPU = Debug|Any CPU
		Debug|ARM = Debug|ARM
		Debug|iPhone = Debug|iPhone
		Debug|iPhoneSimulator = Debug|iPhoneSimulator
		Debug|x64 = Debug|x64
		Debug|x86 = Debug|x86
		Release|Any CPU = Release|Any CPU
		Release|ARM = Release|ARM
		Release|iPhone = Release|iPhone
		Release|iPhoneSimulator = Release|iPhoneSimulator
		Release|x64 = Release|x64
		Release|x86 = Release|x86
	EndGlobalSection
	GlobalSection(ProjectConfigurationPlatforms) = postSolution
		{E12F4CEC-C33C-4BA6-A391-D35EDB36DCC8}.Debug|Any CPU.ActiveCfg = Debug|Any CPU
		{E12F4CEC-C33C-4BA6-A391-D35EDB36DCC8}.Debug|Any CPU.Build.0 = Debug|Any CPU
		{E12F4CEC-C33C-4BA6-A391-D35EDB36DCC8}.Debug|ARM.ActiveCfg = Debug|Any CPU
		{E12F4CEC-C33C-4BA6-A391-D35EDB36DCC8}.Debug|ARM.Build.0 = Debug|Any CPU
		{E12F4CEC-C33C-4BA6-A391-D35EDB36DCC8}.Debug|iPhone.ActiveCfg = Debug|Any CPU
		{E12F4CEC-C33C-4BA6-A391-D35EDB36DCC8}.Debug|iPhone.Build.0 = Debug|Any CPU
		{E12F4CEC-C33C-4BA6-A391-D35EDB36DCC8}.Debug|iPhoneSimulator.ActiveCfg = Debug|Any CPU
		{E12F4CEC-C33C-4BA6-A391-D35EDB36DCC8}.Debug|iPhoneSimulator.Build.0 = Debug|Any CPU
		{E12F4CEC-C33C-4BA6-A391-D35EDB36DCC8}.Debug|x64.ActiveCfg = Debug|Any CPU
		{E12F4CEC-C33C-4BA6-A391-D35EDB36DCC8}.Debug|x64.Build.0 = Debug|Any CPU
		{E12F4CEC-C33C-4BA6-A391-D35EDB36DCC8}.Debug|x86.ActiveCfg = Debug|Any CPU
		{E12F4CEC-C33C-4BA6-A391-D35EDB36DCC8}.Debug|x86.Build.0 = Debug|Any CPU
		{E12F4CEC-C33C-4BA6-A391-D35EDB36DCC8}.Release|Any CPU.ActiveCfg = Release|Any CPU
		{E12F4CEC-C33C-4BA6-A391-D35EDB36DCC8}.Release|Any CPU.Build.0 = Release|Any CPU
		{E12F4CEC-C33C-4BA6-A391-D35EDB36DCC8}.Release|ARM.ActiveCfg = Release|Any CPU
		{E12F4CEC-C33C-4BA6-A391-D35EDB36DCC8}.Release|ARM.Build.0 = Release|Any CPU
		{E12F4CEC-C33C-4BA6-A391-D35EDB36DCC8}.Release|iPhone.ActiveCfg = Release|Any CPU
		{E12F4CEC-C33C-4BA6-A391-D35EDB36DCC8}.Release|iPhone.Build.0 = Release|Any CPU
		{E12F4CEC-C33C-4BA6-A391-D35EDB36DCC8}.Release|iPhoneSimulator.ActiveCfg = Release|Any CPU
		{E12F4CEC-C33C-4BA6-A391-D35EDB36DCC8}.Release|iPhoneSimulator.Build.0 = Release|Any CPU
		{E12F4CEC-C33C-4BA6-A391-D35EDB36DCC8}.Release|x64.ActiveCfg = Release|Any CPU
		{E12F4CEC-C33C-4BA6-A391-D35EDB36DCC8}.Release|x64.Build.0 = Release|Any CPU
		{E12F4CEC-C33C-4BA6-A391-D35EDB36DCC8}.Release|x86.ActiveCfg = Release|Any CPU
		{E12F4CEC-C33C-4BA6-A391-D35EDB36DCC8}.Release|x86.Build.0 = Release|Any CPU
		{D49D8172-49F4-4246-AAFF-8C579E56F45C}.Debug|Any CPU.ActiveCfg = Debug|Any CPU
		{D49D8172-49F4-4246-AAFF-8C579E56F45C}.Debug|Any CPU.Build.0 = Debug|Any CPU
		{D49D8172-49F4-4246-AAFF-8C579E56F45C}.Debug|ARM.ActiveCfg = Debug|Any CPU
		{D49D8172-49F4-4246-AAFF-8C579E56F45C}.Debug|ARM.Build.0 = Debug|Any CPU
		{D49D8172-49F4-4246-AAFF-8C579E56F45C}.Debug|iPhone.ActiveCfg = Debug|Any CPU
		{D49D8172-49F4-4246-AAFF-8C579E56F45C}.Debug|iPhone.Build.0 = Debug|Any CPU
		{D49D8172-49F4-4246-AAFF-8C579E56F45C}.Debug|iPhoneSimulator.ActiveCfg = Debug|Any CPU
		{D49D8172-49F4-4246-AAFF-8C579E56F45C}.Debug|iPhoneSimulator.Build.0 = Debug|Any CPU
		{D49D8172-49F4-4246-AAFF-8C579E56F45C}.Debug|x64.ActiveCfg = Debug|Any CPU
		{D49D8172-49F4-4246-AAFF-8C579E56F45C}.Debug|x64.Build.0 = Debug|Any CPU
		{D49D8172-49F4-4246-AAFF-8C579E56F45C}.Debug|x86.ActiveCfg = Debug|Any CPU
		{D49D8172-49F4-4246-AAFF-8C579E56F45C}.Debug|x86.Build.0 = Debug|Any CPU
		{D49D8172-49F4-4246-AAFF-8C579E56F45C}.Release|Any CPU.ActiveCfg = Release|Any CPU
		{D49D8172-49F4-4246-AAFF-8C579E56F45C}.Release|Any CPU.Build.0 = Release|Any CPU
		{D49D8172-49F4-4246-AAFF-8C579E56F45C}.Release|ARM.ActiveCfg = Release|Any CPU
		{D49D8172-49F4-4246-AAFF-8C579E56F45C}.Release|ARM.Build.0 = Release|Any CPU
		{D49D8172-49F4-4246-AAFF-8C579E56F45C}.Release|iPhone.ActiveCfg = Release|Any CPU
		{D49D8172-49F4-4246-AAFF-8C579E56F45C}.Release|iPhone.Build.0 = Release|Any CPU
		{D49D8172-49F4-4246-AAFF-8C579E56F45C}.Release|iPhoneSimulator.ActiveCfg = Release|Any CPU
		{D49D8172-49F4-4246-AAFF-8C579E56F45C}.Release|iPhoneSimulator.Build.0 = Release|Any CPU
		{D49D8172-49F4-4246-AAFF-8C579E56F45C}.Release|x64.ActiveCfg = Release|Any CPU
		{D49D8172-49F4-4246-AAFF-8C579E56F45C}.Release|x64.Build.0 = Release|Any CPU
		{D49D8172-49F4-4246-AAFF-8C579E56F45C}.Release|x86.ActiveCfg = Release|Any CPU
		{D49D8172-49F4-4246-AAFF-8C579E56F45C}.Release|x86.Build.0 = Release|Any CPU
		{D6700525-BF7E-4A9B-9342-8B92F977C68E}.Debug|Any CPU.ActiveCfg = Debug|Any CPU
		{D6700525-BF7E-4A9B-9342-8B92F977C68E}.Debug|Any CPU.Build.0 = Debug|Any CPU
		{D6700525-BF7E-4A9B-9342-8B92F977C68E}.Debug|ARM.ActiveCfg = Debug|Any CPU
		{D6700525-BF7E-4A9B-9342-8B92F977C68E}.Debug|ARM.Build.0 = Debug|Any CPU
		{D6700525-BF7E-4A9B-9342-8B92F977C68E}.Debug|iPhone.ActiveCfg = Debug|Any CPU
		{D6700525-BF7E-4A9B-9342-8B92F977C68E}.Debug|iPhone.Build.0 = Debug|Any CPU
		{D6700525-BF7E-4A9B-9342-8B92F977C68E}.Debug|iPhoneSimulator.ActiveCfg = Debug|Any CPU
		{D6700525-BF7E-4A9B-9342-8B92F977C68E}.Debug|iPhoneSimulator.Build.0 = Debug|Any CPU
		{D6700525-BF7E-4A9B-9342-8B92F977C68E}.Debug|x64.ActiveCfg = Debug|Any CPU
		{D6700525-BF7E-4A9B-9342-8B92F977C68E}.Debug|x64.Build.0 = Debug|Any CPU
		{D6700525-BF7E-4A9B-9342-8B92F977C68E}.Debug|x86.ActiveCfg = Debug|Any CPU
		{D6700525-BF7E-4A9B-9342-8B92F977C68E}.Debug|x86.Build.0 = Debug|Any CPU
		{D6700525-BF7E-4A9B-9342-8B92F977C68E}.Release|Any CPU.ActiveCfg = Release|Any CPU
		{D6700525-BF7E-4A9B-9342-8B92F977C68E}.Release|Any CPU.Build.0 = Release|Any CPU
		{D6700525-BF7E-4A9B-9342-8B92F977C68E}.Release|ARM.ActiveCfg = Release|Any CPU
		{D6700525-BF7E-4A9B-9342-8B92F977C68E}.Release|ARM.Build.0 = Release|Any CPU
		{D6700525-BF7E-4A9B-9342-8B92F977C68E}.Release|iPhone.ActiveCfg = Release|Any CPU
		{D6700525-BF7E-4A9B-9342-8B92F977C68E}.Release|iPhone.Build.0 = Release|Any CPU
		{D6700525-BF7E-4A9B-9342-8B92F977C68E}.Release|iPhoneSimulator.ActiveCfg = Release|Any CPU
		{D6700525-BF7E-4A9B-9342-8B92F977C68E}.Release|iPhoneSimulator.Build.0 = Release|Any CPU
		{D6700525-BF7E-4A9B-9342-8B92F977C68E}.Release|x64.ActiveCfg = Release|Any CPU
		{D6700525-BF7E-4A9B-9342-8B92F977C68E}.Release|x64.Build.0 = Release|Any CPU
		{D6700525-BF7E-4A9B-9342-8B92F977C68E}.Release|x86.ActiveCfg = Release|Any CPU
		{D6700525-BF7E-4A9B-9342-8B92F977C68E}.Release|x86.Build.0 = Release|Any CPU
		{24CE3C36-16B9-426D-AA0C-5961ECF8D88C}.Debug|Any CPU.ActiveCfg = Debug|Any CPU
		{24CE3C36-16B9-426D-AA0C-5961ECF8D88C}.Debug|Any CPU.Build.0 = Debug|Any CPU
		{24CE3C36-16B9-426D-AA0C-5961ECF8D88C}.Debug|Any CPU.Deploy.0 = Debug|Any CPU
		{24CE3C36-16B9-426D-AA0C-5961ECF8D88C}.Debug|ARM.ActiveCfg = Debug|Any CPU
		{24CE3C36-16B9-426D-AA0C-5961ECF8D88C}.Debug|ARM.Build.0 = Debug|Any CPU
		{24CE3C36-16B9-426D-AA0C-5961ECF8D88C}.Debug|ARM.Deploy.0 = Debug|Any CPU
		{24CE3C36-16B9-426D-AA0C-5961ECF8D88C}.Debug|iPhone.ActiveCfg = Debug|Any CPU
		{24CE3C36-16B9-426D-AA0C-5961ECF8D88C}.Debug|iPhone.Build.0 = Debug|Any CPU
		{24CE3C36-16B9-426D-AA0C-5961ECF8D88C}.Debug|iPhone.Deploy.0 = Debug|Any CPU
		{24CE3C36-16B9-426D-AA0C-5961ECF8D88C}.Debug|iPhoneSimulator.ActiveCfg = Debug|Any CPU
		{24CE3C36-16B9-426D-AA0C-5961ECF8D88C}.Debug|iPhoneSimulator.Build.0 = Debug|Any CPU
		{24CE3C36-16B9-426D-AA0C-5961ECF8D88C}.Debug|iPhoneSimulator.Deploy.0 = Debug|Any CPU
		{24CE3C36-16B9-426D-AA0C-5961ECF8D88C}.Debug|x64.ActiveCfg = Debug|Any CPU
		{24CE3C36-16B9-426D-AA0C-5961ECF8D88C}.Debug|x64.Build.0 = Debug|Any CPU
		{24CE3C36-16B9-426D-AA0C-5961ECF8D88C}.Debug|x64.Deploy.0 = Debug|Any CPU
		{24CE3C36-16B9-426D-AA0C-5961ECF8D88C}.Debug|x86.ActiveCfg = Debug|Any CPU
		{24CE3C36-16B9-426D-AA0C-5961ECF8D88C}.Release|Any CPU.ActiveCfg = Release|Any CPU
		{24CE3C36-16B9-426D-AA0C-5961ECF8D88C}.Release|Any CPU.Build.0 = Release|Any CPU
		{24CE3C36-16B9-426D-AA0C-5961ECF8D88C}.Release|Any CPU.Deploy.0 = Release|Any CPU
		{24CE3C36-16B9-426D-AA0C-5961ECF8D88C}.Release|ARM.ActiveCfg = Release|Any CPU
		{24CE3C36-16B9-426D-AA0C-5961ECF8D88C}.Release|ARM.Build.0 = Release|Any CPU
		{24CE3C36-16B9-426D-AA0C-5961ECF8D88C}.Release|ARM.Deploy.0 = Release|Any CPU
		{24CE3C36-16B9-426D-AA0C-5961ECF8D88C}.Release|iPhone.ActiveCfg = Release|Any CPU
		{24CE3C36-16B9-426D-AA0C-5961ECF8D88C}.Release|iPhone.Build.0 = Release|Any CPU
		{24CE3C36-16B9-426D-AA0C-5961ECF8D88C}.Release|iPhone.Deploy.0 = Release|Any CPU
		{24CE3C36-16B9-426D-AA0C-5961ECF8D88C}.Release|iPhoneSimulator.ActiveCfg = Release|Any CPU
		{24CE3C36-16B9-426D-AA0C-5961ECF8D88C}.Release|iPhoneSimulator.Build.0 = Release|Any CPU
		{24CE3C36-16B9-426D-AA0C-5961ECF8D88C}.Release|iPhoneSimulator.Deploy.0 = Release|Any CPU
		{24CE3C36-16B9-426D-AA0C-5961ECF8D88C}.Release|x64.ActiveCfg = Release|Any CPU
		{24CE3C36-16B9-426D-AA0C-5961ECF8D88C}.Release|x64.Build.0 = Release|Any CPU
		{24CE3C36-16B9-426D-AA0C-5961ECF8D88C}.Release|x64.Deploy.0 = Release|Any CPU
		{24CE3C36-16B9-426D-AA0C-5961ECF8D88C}.Release|x86.ActiveCfg = Release|Any CPU
		{24CE3C36-16B9-426D-AA0C-5961ECF8D88C}.Release|x86.Build.0 = Release|Any CPU
		{24CE3C36-16B9-426D-AA0C-5961ECF8D88C}.Release|x86.Deploy.0 = Release|Any CPU
		{A209FD3B-8B9A-4BA2-8CF7-5136FFD4F694}.Debug|Any CPU.ActiveCfg = Debug|iPhone
		{A209FD3B-8B9A-4BA2-8CF7-5136FFD4F694}.Debug|ARM.ActiveCfg = Debug|iPhone
		{A209FD3B-8B9A-4BA2-8CF7-5136FFD4F694}.Debug|iPhone.ActiveCfg = Debug|iPhone
		{A209FD3B-8B9A-4BA2-8CF7-5136FFD4F694}.Debug|iPhone.Build.0 = Debug|iPhone
		{A209FD3B-8B9A-4BA2-8CF7-5136FFD4F694}.Debug|iPhoneSimulator.ActiveCfg = Debug|iPhoneSimulator
		{A209FD3B-8B9A-4BA2-8CF7-5136FFD4F694}.Debug|iPhoneSimulator.Build.0 = Debug|iPhoneSimulator
		{A209FD3B-8B9A-4BA2-8CF7-5136FFD4F694}.Debug|x64.ActiveCfg = Debug|iPhone
		{A209FD3B-8B9A-4BA2-8CF7-5136FFD4F694}.Debug|x86.ActiveCfg = Debug|iPhone
		{A209FD3B-8B9A-4BA2-8CF7-5136FFD4F694}.Release|Any CPU.ActiveCfg = Release|iPhone
		{A209FD3B-8B9A-4BA2-8CF7-5136FFD4F694}.Release|ARM.ActiveCfg = Release|iPhone
		{A209FD3B-8B9A-4BA2-8CF7-5136FFD4F694}.Release|iPhone.ActiveCfg = Release|iPhone
		{A209FD3B-8B9A-4BA2-8CF7-5136FFD4F694}.Release|iPhone.Build.0 = Release|iPhone
		{A209FD3B-8B9A-4BA2-8CF7-5136FFD4F694}.Release|iPhoneSimulator.ActiveCfg = Release|iPhoneSimulator
		{A209FD3B-8B9A-4BA2-8CF7-5136FFD4F694}.Release|iPhoneSimulator.Build.0 = Release|iPhoneSimulator
		{A209FD3B-8B9A-4BA2-8CF7-5136FFD4F694}.Release|x64.ActiveCfg = Release|iPhone
		{A209FD3B-8B9A-4BA2-8CF7-5136FFD4F694}.Release|x86.ActiveCfg = Release|iPhone
		{891DFDEF-5FD2-4268-AB1B-7F000201CE3E}.Debug|Any CPU.ActiveCfg = Debug|x86
		{891DFDEF-5FD2-4268-AB1B-7F000201CE3E}.Debug|ARM.ActiveCfg = Debug|ARM
		{891DFDEF-5FD2-4268-AB1B-7F000201CE3E}.Debug|ARM.Build.0 = Debug|ARM
		{891DFDEF-5FD2-4268-AB1B-7F000201CE3E}.Debug|ARM.Deploy.0 = Debug|ARM
		{891DFDEF-5FD2-4268-AB1B-7F000201CE3E}.Debug|iPhone.ActiveCfg = Debug|x86
		{891DFDEF-5FD2-4268-AB1B-7F000201CE3E}.Debug|iPhoneSimulator.ActiveCfg = Debug|x86
		{891DFDEF-5FD2-4268-AB1B-7F000201CE3E}.Debug|x64.ActiveCfg = Debug|x64
		{891DFDEF-5FD2-4268-AB1B-7F000201CE3E}.Debug|x64.Build.0 = Debug|x64
		{891DFDEF-5FD2-4268-AB1B-7F000201CE3E}.Debug|x64.Deploy.0 = Debug|x64
		{891DFDEF-5FD2-4268-AB1B-7F000201CE3E}.Debug|x86.ActiveCfg = Debug|x86
		{891DFDEF-5FD2-4268-AB1B-7F000201CE3E}.Debug|x86.Build.0 = Debug|x86
		{891DFDEF-5FD2-4268-AB1B-7F000201CE3E}.Debug|x86.Deploy.0 = Debug|x86
		{891DFDEF-5FD2-4268-AB1B-7F000201CE3E}.Release|Any CPU.ActiveCfg = Release|x86
		{891DFDEF-5FD2-4268-AB1B-7F000201CE3E}.Release|ARM.ActiveCfg = Release|ARM
		{891DFDEF-5FD2-4268-AB1B-7F000201CE3E}.Release|ARM.Build.0 = Release|ARM
		{891DFDEF-5FD2-4268-AB1B-7F000201CE3E}.Release|ARM.Deploy.0 = Release|ARM
		{891DFDEF-5FD2-4268-AB1B-7F000201CE3E}.Release|iPhone.ActiveCfg = Release|x86
		{891DFDEF-5FD2-4268-AB1B-7F000201CE3E}.Release|iPhoneSimulator.ActiveCfg = Release|x86
		{891DFDEF-5FD2-4268-AB1B-7F000201CE3E}.Release|x64.ActiveCfg = Release|x64
		{891DFDEF-5FD2-4268-AB1B-7F000201CE3E}.Release|x64.Build.0 = Release|x64
		{891DFDEF-5FD2-4268-AB1B-7F000201CE3E}.Release|x64.Deploy.0 = Release|x64
		{891DFDEF-5FD2-4268-AB1B-7F000201CE3E}.Release|x86.ActiveCfg = Release|x86
		{891DFDEF-5FD2-4268-AB1B-7F000201CE3E}.Release|x86.Build.0 = Release|x86
		{891DFDEF-5FD2-4268-AB1B-7F000201CE3E}.Release|x86.Deploy.0 = Release|x86
		{0C14C886-E990-4233-A6F7-27247D0DE551}.Debug|Any CPU.ActiveCfg = Debug|Any CPU
		{0C14C886-E990-4233-A6F7-27247D0DE551}.Debug|Any CPU.Build.0 = Debug|Any CPU
		{0C14C886-E990-4233-A6F7-27247D0DE551}.Debug|ARM.ActiveCfg = Debug|Any CPU
		{0C14C886-E990-4233-A6F7-27247D0DE551}.Debug|ARM.Build.0 = Debug|Any CPU
		{0C14C886-E990-4233-A6F7-27247D0DE551}.Debug|iPhone.ActiveCfg = Debug|Any CPU
		{0C14C886-E990-4233-A6F7-27247D0DE551}.Debug|iPhone.Build.0 = Debug|Any CPU
		{0C14C886-E990-4233-A6F7-27247D0DE551}.Debug|iPhoneSimulator.ActiveCfg = Debug|Any CPU
		{0C14C886-E990-4233-A6F7-27247D0DE551}.Debug|iPhoneSimulator.Build.0 = Debug|Any CPU
		{0C14C886-E990-4233-A6F7-27247D0DE551}.Debug|x64.ActiveCfg = Debug|Any CPU
		{0C14C886-E990-4233-A6F7-27247D0DE551}.Debug|x64.Build.0 = Debug|Any CPU
		{0C14C886-E990-4233-A6F7-27247D0DE551}.Debug|x86.ActiveCfg = Debug|Any CPU
		{0C14C886-E990-4233-A6F7-27247D0DE551}.Debug|x86.Build.0 = Debug|Any CPU
		{0C14C886-E990-4233-A6F7-27247D0DE551}.Release|Any CPU.ActiveCfg = Release|Any CPU
		{0C14C886-E990-4233-A6F7-27247D0DE551}.Release|Any CPU.Build.0 = Release|Any CPU
		{0C14C886-E990-4233-A6F7-27247D0DE551}.Release|ARM.ActiveCfg = Release|Any CPU
		{0C14C886-E990-4233-A6F7-27247D0DE551}.Release|ARM.Build.0 = Release|Any CPU
		{0C14C886-E990-4233-A6F7-27247D0DE551}.Release|iPhone.ActiveCfg = Release|Any CPU
		{0C14C886-E990-4233-A6F7-27247D0DE551}.Release|iPhone.Build.0 = Release|Any CPU
		{0C14C886-E990-4233-A6F7-27247D0DE551}.Release|iPhoneSimulator.ActiveCfg = Release|Any CPU
		{0C14C886-E990-4233-A6F7-27247D0DE551}.Release|iPhoneSimulator.Build.0 = Release|Any CPU
		{0C14C886-E990-4233-A6F7-27247D0DE551}.Release|x64.ActiveCfg = Release|Any CPU
		{0C14C886-E990-4233-A6F7-27247D0DE551}.Release|x64.Build.0 = Release|Any CPU
		{0C14C886-E990-4233-A6F7-27247D0DE551}.Release|x86.ActiveCfg = Release|Any CPU
		{0C14C886-E990-4233-A6F7-27247D0DE551}.Release|x86.Build.0 = Release|Any CPU
	EndGlobalSection
	GlobalSection(SolutionProperties) = preSolution
		HideSolutionNode = FALSE
	EndGlobalSection
	GlobalSection(NestedProjects) = preSolution
		{D6700525-BF7E-4A9B-9342-8B92F977C68E} = {011C3589-5650-418D-86DC-62413FB6904E}
		{077E2BD8-DCE7-47CA-9E58-DE5AED1D5907} = {011C3589-5650-418D-86DC-62413FB6904E}
		{24CE3C36-16B9-426D-AA0C-5961ECF8D88C} = {077E2BD8-DCE7-47CA-9E58-DE5AED1D5907}
		{A209FD3B-8B9A-4BA2-8CF7-5136FFD4F694} = {077E2BD8-DCE7-47CA-9E58-DE5AED1D5907}
		{891DFDEF-5FD2-4268-AB1B-7F000201CE3E} = {077E2BD8-DCE7-47CA-9E58-DE5AED1D5907}
		{0C14C886-E990-4233-A6F7-27247D0DE551} = {077E2BD8-DCE7-47CA-9E58-DE5AED1D5907}
	EndGlobalSection
	GlobalSection(ExtensibilityGlobals) = postSolution
		SolutionGuid = {0A9F2928-201C-42CB-B95B-31FC43440884}
	EndGlobalSection
EndGlobal
